
Microsoft Visual Studio Solution File, Format Version 12.00
# Visual Studio 15
VisualStudioVersion = 15.0.28307.102
MinimumVisualStudioVersion = 10.0.40219.1
Project("{888888A0-9F3D-457C-B088-3A5042F75D52}") = "HintEncoder", "HintEncoder\HintEncoder.pyproj", "{0BD7B932-3BEC-4D79-B5EE-1D7C6CB47D11}"
EndProject
Global
	GlobalSection(SolutionConfigurationPlatforms) = preSolution
		Debug|Any CPU = Debug|Any CPU
		Release|Any CPU = Release|Any CPU
	EndGlobalSection
	GlobalSection(ProjectConfigurationPlatforms) = postSolution
		{0BD7B932-3BEC-4D79-B5EE-1D7C6CB47D11}.Debug|Any CPU.ActiveCfg = Debug|Any CPU
		{0BD7B932-3BEC-4D79-B5EE-1D7C6CB47D11}.Release|Any CPU.ActiveCfg = Release|Any CPU
	EndGlobalSection
	GlobalSection(SolutionProperties) = preSolution
		HideSolutionNode = FALSE
	EndGlobalSection
	GlobalSection(ExtensibilityGlobals) = postSolution
		SolutionGuid = {CD115719-644E-49EA-B582-B230BBE8C595}
	EndGlobalSection
EndGlobal
